
Microsoft Visual Studio Solution File, Format Version 12.00
# Visual Studio Version 16
VisualStudioVersion = 16.0.32126.315
MinimumVisualStudioVersion = 10.0.40219.1
Project("{FAE04EC0-301F-11D3-BF4B-00C04F79EFBC}") = "Sort Numbers", "Sort Numbers\Sort Numbers.csproj", "{3B6FD0D1-B918-4203-B1E9-7B21888B1056}"
EndProject
Project("{FAE04EC0-301F-11D3-BF4B-00C04F79EFBC}") = "Name of the Last Digit", "Name of the Last Digit\Name of the Last Digit.csproj", "{6E3E9358-2642-49EA-A694-2E2B0653F172}"
EndProject
Project("{FAE04EC0-301F-11D3-BF4B-00C04F79EFBC}") = "Gaming Store", "Gaming Store\Gaming Store.csproj", "{09A065CC-4165-4653-B4EB-5B0F2FB7FA1C}"
EndProject
Project("{FAE04EC0-301F-11D3-BF4B-00C04F79EFBC}") = "Reverse String", "Reverse String\Reverse String.csproj", "{8A1BA5FA-72D3-4729-871A-B49FCCECF920}"
EndProject
Project("{FAE04EC0-301F-11D3-BF4B-00C04F79EFBC}") = "Messages", "Messages\Messages.csproj", "{FB0EDFC8-8D41-450A-A102-A271A8AC78B2}"
EndProject
Global
	GlobalSection(SolutionConfigurationPlatforms) = preSolution
		Debug|Any CPU = Debug|Any CPU
		Release|Any CPU = Release|Any CPU
	EndGlobalSection
	GlobalSection(ProjectConfigurationPlatforms) = postSolution
		{3B6FD0D1-B918-4203-B1E9-7B21888B1056}.Debug|Any CPU.ActiveCfg = Debug|Any CPU
		{3B6FD0D1-B918-4203-B1E9-7B21888B1056}.Debug|Any CPU.Build.0 = Debug|Any CPU
		{3B6FD0D1-B918-4203-B1E9-7B21888B1056}.Release|Any CPU.ActiveCfg = Release|Any CPU
		{3B6FD0D1-B918-4203-B1E9-7B21888B1056}.Release|Any CPU.Build.0 = Release|Any CPU
		{6E3E9358-2642-49EA-A694-2E2B0653F172}.Debug|Any CPU.ActiveCfg = Debug|Any CPU
		{6E3E9358-2642-49EA-A694-2E2B0653F172}.Debug|Any CPU.Build.0 = Debug|Any CPU
		{6E3E9358-2642-49EA-A694-2E2B0653F172}.Release|Any CPU.ActiveCfg = Release|Any CPU
		{6E3E9358-2642-49EA-A694-2E2B0653F172}.Release|Any CPU.Build.0 = Release|Any CPU
		{09A065CC-4165-4653-B4EB-5B0F2FB7FA1C}.Debug|Any CPU.ActiveCfg = Debug|Any CPU
		{09A065CC-4165-4653-B4EB-5B0F2FB7FA1C}.Debug|Any CPU.Build.0 = Debug|Any CPU
		{09A065CC-4165-4653-B4EB-5B0F2FB7FA1C}.Release|Any CPU.ActiveCfg = Release|Any CPU
		{09A065CC-4165-4653-B4EB-5B0F2FB7FA1C}.Release|Any CPU.Build.0 = Release|Any CPU
		{8A1BA5FA-72D3-4729-871A-B49FCCECF920}.Debug|Any CPU.ActiveCfg = Debug|Any CPU
		{8A1BA5FA-72D3-4729-871A-B49FCCECF920}.Debug|Any CPU.Build.0 = Debug|Any CPU
		{8A1BA5FA-72D3-4729-871A-B49FCCECF920}.Release|Any CPU.ActiveCfg = Release|Any CPU
		{8A1BA5FA-72D3-4729-871A-B49FCCECF920}.Release|Any CPU.Build.0 = Release|Any CPU
		{FB0EDFC8-8D41-450A-A102-A271A8AC78B2}.Debug|Any CPU.ActiveCfg = Debug|Any CPU
		{FB0EDFC8-8D41-450A-A102-A271A8AC78B2}.Debug|Any CPU.Build.0 = Debug|Any CPU
		{FB0EDFC8-8D41-450A-A102-A271A8AC78B2}.Release|Any CPU.ActiveCfg = Release|Any CPU
		{FB0EDFC8-8D41-450A-A102-A271A8AC78B2}.Release|Any CPU.Build.0 = Release|Any CPU
	EndGlobalSection
	GlobalSection(SolutionProperties) = preSolution
		HideSolutionNode = FALSE
	EndGlobalSection
	GlobalSection(ExtensibilityGlobals) = postSolution
		SolutionGuid = {CC20E246-C347-4EC4-94A4-02884B1F9C5A}
	EndGlobalSection
EndGlobal
