
Microsoft Visual Studio Solution File, Format Version 12.00
# Visual Studio Version 16
VisualStudioVersion = 16.0.32126.315
MinimumVisualStudioVersion = 10.0.40219.1
Project("{FAE04EC0-301F-11D3-BF4B-00C04F79EFBC}") = "Data Type Finder", "Data Type Finder\Data Type Finder.csproj", "{14236A65-3550-43B7-A548-562114CD1993}"
EndProject
Project("{FAE04EC0-301F-11D3-BF4B-00C04F79EFBC}") = "From Left to the Right", "From Left to the Right\From Left to the Right.csproj", "{52A6F710-0C35-488A-85D6-98498910AE78}"
EndProject
Project("{FAE04EC0-301F-11D3-BF4B-00C04F79EFBC}") = "Floating Equality", "Floating Equality\Floating Equality.csproj", "{5F2509C4-BAC6-47DA-8A02-7F053FF1E84F}"
EndProject
Project("{FAE04EC0-301F-11D3-BF4B-00C04F79EFBC}") = "Refactoring Prime Checker", "Refactoring Prime Checker\Refactoring Prime Checker.csproj", "{D8C20509-3F96-45EA-B9C0-46D04224192E}"
EndProject
Project("{FAE04EC0-301F-11D3-BF4B-00C04F79EFBC}") = "Decrypting Messages", "Decrypting Messages\Decrypting Messages.csproj", "{91F0A9BF-3666-4C46-8A54-70AF57707CD1}"
EndProject
Project("{FAE04EC0-301F-11D3-BF4B-00C04F79EFBC}") = "Balanced Brackets", "Balanced Brackets\Balanced Brackets.csproj", "{BDE10827-4FB8-4C5C-A195-D43B99D9DFEE}"
EndProject
Project("{FAE04EC0-301F-11D3-BF4B-00C04F79EFBC}") = "Balanced Brackets2", "Balanced Brackets2\Balanced Brackets2.csproj", "{AFBE4475-D7E2-4FA6-806B-534EAF52DAB8}"
EndProject
Global
	GlobalSection(SolutionConfigurationPlatforms) = preSolution
		Debug|Any CPU = Debug|Any CPU
		Release|Any CPU = Release|Any CPU
	EndGlobalSection
	GlobalSection(ProjectConfigurationPlatforms) = postSolution
		{14236A65-3550-43B7-A548-562114CD1993}.Debug|Any CPU.ActiveCfg = Debug|Any CPU
		{14236A65-3550-43B7-A548-562114CD1993}.Debug|Any CPU.Build.0 = Debug|Any CPU
		{14236A65-3550-43B7-A548-562114CD1993}.Release|Any CPU.ActiveCfg = Release|Any CPU
		{14236A65-3550-43B7-A548-562114CD1993}.Release|Any CPU.Build.0 = Release|Any CPU
		{52A6F710-0C35-488A-85D6-98498910AE78}.Debug|Any CPU.ActiveCfg = Debug|Any CPU
		{52A6F710-0C35-488A-85D6-98498910AE78}.Debug|Any CPU.Build.0 = Debug|Any CPU
		{52A6F710-0C35-488A-85D6-98498910AE78}.Release|Any CPU.ActiveCfg = Release|Any CPU
		{52A6F710-0C35-488A-85D6-98498910AE78}.Release|Any CPU.Build.0 = Release|Any CPU
		{5F2509C4-BAC6-47DA-8A02-7F053FF1E84F}.Debug|Any CPU.ActiveCfg = Debug|Any CPU
		{5F2509C4-BAC6-47DA-8A02-7F053FF1E84F}.Debug|Any CPU.Build.0 = Debug|Any CPU
		{5F2509C4-BAC6-47DA-8A02-7F053FF1E84F}.Release|Any CPU.ActiveCfg = Release|Any CPU
		{5F2509C4-BAC6-47DA-8A02-7F053FF1E84F}.Release|Any CPU.Build.0 = Release|Any CPU
		{D8C20509-3F96-45EA-B9C0-46D04224192E}.Debug|Any CPU.ActiveCfg = Debug|Any CPU
		{D8C20509-3F96-45EA-B9C0-46D04224192E}.Debug|Any CPU.Build.0 = Debug|Any CPU
		{D8C20509-3F96-45EA-B9C0-46D04224192E}.Release|Any CPU.ActiveCfg = Release|Any CPU
		{D8C20509-3F96-45EA-B9C0-46D04224192E}.Release|Any CPU.Build.0 = Release|Any CPU
		{91F0A9BF-3666-4C46-8A54-70AF57707CD1}.Debug|Any CPU.ActiveCfg = Debug|Any CPU
		{91F0A9BF-3666-4C46-8A54-70AF57707CD1}.Debug|Any CPU.Build.0 = Debug|Any CPU
		{91F0A9BF-3666-4C46-8A54-70AF57707CD1}.Release|Any CPU.ActiveCfg = Release|Any CPU
		{91F0A9BF-3666-4C46-8A54-70AF57707CD1}.Release|Any CPU.Build.0 = Release|Any CPU
		{BDE10827-4FB8-4C5C-A195-D43B99D9DFEE}.Debug|Any CPU.ActiveCfg = Debug|Any CPU
		{BDE10827-4FB8-4C5C-A195-D43B99D9DFEE}.Debug|Any CPU.Build.0 = Debug|Any CPU
		{BDE10827-4FB8-4C5C-A195-D43B99D9DFEE}.Release|Any CPU.ActiveCfg = Release|Any CPU
		{BDE10827-4FB8-4C5C-A195-D43B99D9DFEE}.Release|Any CPU.Build.0 = Release|Any CPU
		{AFBE4475-D7E2-4FA6-806B-534EAF52DAB8}.Debug|Any CPU.ActiveCfg = Debug|Any CPU
		{AFBE4475-D7E2-4FA6-806B-534EAF52DAB8}.Debug|Any CPU.Build.0 = Debug|Any CPU
		{AFBE4475-D7E2-4FA6-806B-534EAF52DAB8}.Release|Any CPU.ActiveCfg = Release|Any CPU
		{AFBE4475-D7E2-4FA6-806B-534EAF52DAB8}.Release|Any CPU.Build.0 = Release|Any CPU
	EndGlobalSection
	GlobalSection(SolutionProperties) = preSolution
		HideSolutionNode = FALSE
	EndGlobalSection
	GlobalSection(ExtensibilityGlobals) = postSolution
		SolutionGuid = {305B826F-A140-4A52-88ED-E5511016E8F1}
	EndGlobalSection
EndGlobal
