
Microsoft Visual Studio Solution File, Format Version 12.00
# Visual Studio Version 16
VisualStudioVersion = 16.0.32126.315
MinimumVisualStudioVersion = 10.0.40219.1
Project("{9A19103F-16F7-4668-BE54-9A1E7A4F7556}") = "Messaging", "Messaging\Messaging.csproj", "{404DB8E1-10D9-44C1-AE95-77DA0207E49E}"
EndProject
Project("{9A19103F-16F7-4668-BE54-9A1E7A4F7556}") = "Car Race", "Car Race\Car Race.csproj", "{1EC5621A-0615-4B6C-8546-710F8062D591}"
EndProject
Project("{9A19103F-16F7-4668-BE54-9A1E7A4F7556}") = "Take Or Skip Rope", "Take Or Skip Rope\Take Or Skip Rope.csproj", "{34D82FCE-A14F-48A3-9FC0-01DC66DA548C}"
EndProject
Project("{9A19103F-16F7-4668-BE54-9A1E7A4F7556}") = "Mixed Up Lists", "Mixed Up Lists\Mixed Up Lists.csproj", "{DB07F248-633F-41FA-9A15-95A291D0E53C}"
EndProject
Project("{FAE04EC0-301F-11D3-BF4B-00C04F79EFBC}") = "Drum Set", "Drum Set\Drum Set.csproj", "{AA185D12-F3FA-4262-9ED2-406B196820C1}"
EndProject
Global
	GlobalSection(SolutionConfigurationPlatforms) = preSolution
		Debug|Any CPU = Debug|Any CPU
		Release|Any CPU = Release|Any CPU
	EndGlobalSection
	GlobalSection(ProjectConfigurationPlatforms) = postSolution
		{404DB8E1-10D9-44C1-AE95-77DA0207E49E}.Debug|Any CPU.ActiveCfg = Debug|Any CPU
		{404DB8E1-10D9-44C1-AE95-77DA0207E49E}.Debug|Any CPU.Build.0 = Debug|Any CPU
		{404DB8E1-10D9-44C1-AE95-77DA0207E49E}.Release|Any CPU.ActiveCfg = Release|Any CPU
		{404DB8E1-10D9-44C1-AE95-77DA0207E49E}.Release|Any CPU.Build.0 = Release|Any CPU
		{1EC5621A-0615-4B6C-8546-710F8062D591}.Debug|Any CPU.ActiveCfg = Debug|Any CPU
		{1EC5621A-0615-4B6C-8546-710F8062D591}.Debug|Any CPU.Build.0 = Debug|Any CPU
		{1EC5621A-0615-4B6C-8546-710F8062D591}.Release|Any CPU.ActiveCfg = Release|Any CPU
		{1EC5621A-0615-4B6C-8546-710F8062D591}.Release|Any CPU.Build.0 = Release|Any CPU
		{34D82FCE-A14F-48A3-9FC0-01DC66DA548C}.Debug|Any CPU.ActiveCfg = Debug|Any CPU
		{34D82FCE-A14F-48A3-9FC0-01DC66DA548C}.Debug|Any CPU.Build.0 = Debug|Any CPU
		{34D82FCE-A14F-48A3-9FC0-01DC66DA548C}.Release|Any CPU.ActiveCfg = Release|Any CPU
		{34D82FCE-A14F-48A3-9FC0-01DC66DA548C}.Release|Any CPU.Build.0 = Release|Any CPU
		{DB07F248-633F-41FA-9A15-95A291D0E53C}.Debug|Any CPU.ActiveCfg = Debug|Any CPU
		{DB07F248-633F-41FA-9A15-95A291D0E53C}.Debug|Any CPU.Build.0 = Debug|Any CPU
		{DB07F248-633F-41FA-9A15-95A291D0E53C}.Release|Any CPU.ActiveCfg = Release|Any CPU
		{DB07F248-633F-41FA-9A15-95A291D0E53C}.Release|Any CPU.Build.0 = Release|Any CPU
		{AA185D12-F3FA-4262-9ED2-406B196820C1}.Debug|Any CPU.ActiveCfg = Debug|Any CPU
		{AA185D12-F3FA-4262-9ED2-406B196820C1}.Debug|Any CPU.Build.0 = Debug|Any CPU
		{AA185D12-F3FA-4262-9ED2-406B196820C1}.Release|Any CPU.ActiveCfg = Release|Any CPU
		{AA185D12-F3FA-4262-9ED2-406B196820C1}.Release|Any CPU.Build.0 = Release|Any CPU
	EndGlobalSection
	GlobalSection(SolutionProperties) = preSolution
		HideSolutionNode = FALSE
	EndGlobalSection
	GlobalSection(ExtensibilityGlobals) = postSolution
		SolutionGuid = {59E7BFC4-7A9C-4174-A7A2-3CC2FCD771D7}
	EndGlobalSection
EndGlobal
