
Microsoft Visual Studio Solution File, Format Version 12.00
# Visual Studio Version 16
VisualStudioVersion = 16.0.32126.315
MinimumVisualStudioVersion = 10.0.40219.1
Project("{9A19103F-16F7-4668-BE54-9A1E7A4F7556}") = "Match Full Name", "Match Full Name\Match Full Name.csproj", "{C753934E-CC10-4113-BDF1-4701B7E929F7}"
EndProject
Project("{9A19103F-16F7-4668-BE54-9A1E7A4F7556}") = "3. Match Dates", "3. Match Dates\3. Match Dates.csproj", "{BCAB0A54-6C3F-4B1A-A419-A196CD105E6A}"
EndProject
Project("{9A19103F-16F7-4668-BE54-9A1E7A4F7556}") = "Match Phone Number_", "Match Phone Number_\Match Phone Number_.csproj", "{AC4C5FE3-5F3F-44AD-B81F-C92C020785A5}"
EndProject
Project("{FAE04EC0-301F-11D3-BF4B-00C04F79EFBC}") = "demo1", "demo1\demo1.csproj", "{D7271724-4D84-41C3-A701-56EAEFE45F34}"
EndProject
Project("{FAE04EC0-301F-11D3-BF4B-00C04F79EFBC}") = "2. Match Phone Number1", "2. Match Phone Number1\2. Match Phone Number1.csproj", "{03E7FCB6-8D78-472B-852B-BC1A86A5755C}"
EndProject
Global
	GlobalSection(SolutionConfigurationPlatforms) = preSolution
		Debug|Any CPU = Debug|Any CPU
		Release|Any CPU = Release|Any CPU
	EndGlobalSection
	GlobalSection(ProjectConfigurationPlatforms) = postSolution
		{C753934E-CC10-4113-BDF1-4701B7E929F7}.Debug|Any CPU.ActiveCfg = Debug|Any CPU
		{C753934E-CC10-4113-BDF1-4701B7E929F7}.Debug|Any CPU.Build.0 = Debug|Any CPU
		{C753934E-CC10-4113-BDF1-4701B7E929F7}.Release|Any CPU.ActiveCfg = Release|Any CPU
		{C753934E-CC10-4113-BDF1-4701B7E929F7}.Release|Any CPU.Build.0 = Release|Any CPU
		{BCAB0A54-6C3F-4B1A-A419-A196CD105E6A}.Debug|Any CPU.ActiveCfg = Debug|Any CPU
		{BCAB0A54-6C3F-4B1A-A419-A196CD105E6A}.Debug|Any CPU.Build.0 = Debug|Any CPU
		{BCAB0A54-6C3F-4B1A-A419-A196CD105E6A}.Release|Any CPU.ActiveCfg = Release|Any CPU
		{BCAB0A54-6C3F-4B1A-A419-A196CD105E6A}.Release|Any CPU.Build.0 = Release|Any CPU
		{AC4C5FE3-5F3F-44AD-B81F-C92C020785A5}.Debug|Any CPU.ActiveCfg = Debug|Any CPU
		{AC4C5FE3-5F3F-44AD-B81F-C92C020785A5}.Debug|Any CPU.Build.0 = Debug|Any CPU
		{AC4C5FE3-5F3F-44AD-B81F-C92C020785A5}.Release|Any CPU.ActiveCfg = Release|Any CPU
		{AC4C5FE3-5F3F-44AD-B81F-C92C020785A5}.Release|Any CPU.Build.0 = Release|Any CPU
		{D7271724-4D84-41C3-A701-56EAEFE45F34}.Debug|Any CPU.ActiveCfg = Debug|Any CPU
		{D7271724-4D84-41C3-A701-56EAEFE45F34}.Debug|Any CPU.Build.0 = Debug|Any CPU
		{D7271724-4D84-41C3-A701-56EAEFE45F34}.Release|Any CPU.ActiveCfg = Release|Any CPU
		{D7271724-4D84-41C3-A701-56EAEFE45F34}.Release|Any CPU.Build.0 = Release|Any CPU
		{03E7FCB6-8D78-472B-852B-BC1A86A5755C}.Debug|Any CPU.ActiveCfg = Debug|Any CPU
		{03E7FCB6-8D78-472B-852B-BC1A86A5755C}.Debug|Any CPU.Build.0 = Debug|Any CPU
		{03E7FCB6-8D78-472B-852B-BC1A86A5755C}.Release|Any CPU.ActiveCfg = Release|Any CPU
		{03E7FCB6-8D78-472B-852B-BC1A86A5755C}.Release|Any CPU.Build.0 = Release|Any CPU
	EndGlobalSection
	GlobalSection(SolutionProperties) = preSolution
		HideSolutionNode = FALSE
	EndGlobalSection
	GlobalSection(ExtensibilityGlobals) = postSolution
		SolutionGuid = {8B42C7CC-9E00-48C4-892B-6F1B09A11F84}
	EndGlobalSection
EndGlobal
