
Microsoft Visual Studio Solution File, Format Version 12.00
# Visual Studio Version 16
VisualStudioVersion = 16.0.32126.315
MinimumVisualStudioVersion = 10.0.40219.1
Project("{9A19103F-16F7-4668-BE54-9A1E7A4F7556}") = "Encrypt, Sort, and Print Array", "Encrypt, Sort, and Print Array\Encrypt, Sort, and Print Array.csproj", "{99B53D89-8E69-45E7-B18E-B03FFAAD26A8}"
EndProject
Project("{9A19103F-16F7-4668-BE54-9A1E7A4F7556}") = "Pascal Triangle", "Pascal Triangle\Pascal Triangle.csproj", "{3F9A1327-9FCD-4472-BC8D-194FBE8766DC}"
EndProject
Project("{9A19103F-16F7-4668-BE54-9A1E7A4F7556}") = "Recursive Fibonacci", "Recursive Fibonacci\Recursive Fibonacci.csproj", "{2CBB3067-3B8B-4015-BA5D-3E6F590D0187}"
EndProject
Project("{FAE04EC0-301F-11D3-BF4B-00C04F79EFBC}") = "Fold and Sum", "Fold and Sum\Fold and Sum.csproj", "{92BAFC7E-F650-4B69-B3CF-B5388FD93B35}"
EndProject
Project("{FAE04EC0-301F-11D3-BF4B-00C04F79EFBC}") = "Longest Increasing Subsequence", "Longest Increasing Subsequence\Longest Increasing Subsequence.csproj", "{732D009F-DF67-43A9-81F9-19B1C2110962}"
EndProject
Global
	GlobalSection(SolutionConfigurationPlatforms) = preSolution
		Debug|Any CPU = Debug|Any CPU
		Release|Any CPU = Release|Any CPU
	EndGlobalSection
	GlobalSection(ProjectConfigurationPlatforms) = postSolution
		{99B53D89-8E69-45E7-B18E-B03FFAAD26A8}.Debug|Any CPU.ActiveCfg = Debug|Any CPU
		{99B53D89-8E69-45E7-B18E-B03FFAAD26A8}.Debug|Any CPU.Build.0 = Debug|Any CPU
		{99B53D89-8E69-45E7-B18E-B03FFAAD26A8}.Release|Any CPU.ActiveCfg = Release|Any CPU
		{99B53D89-8E69-45E7-B18E-B03FFAAD26A8}.Release|Any CPU.Build.0 = Release|Any CPU
		{3F9A1327-9FCD-4472-BC8D-194FBE8766DC}.Debug|Any CPU.ActiveCfg = Debug|Any CPU
		{3F9A1327-9FCD-4472-BC8D-194FBE8766DC}.Debug|Any CPU.Build.0 = Debug|Any CPU
		{3F9A1327-9FCD-4472-BC8D-194FBE8766DC}.Release|Any CPU.ActiveCfg = Release|Any CPU
		{3F9A1327-9FCD-4472-BC8D-194FBE8766DC}.Release|Any CPU.Build.0 = Release|Any CPU
		{2CBB3067-3B8B-4015-BA5D-3E6F590D0187}.Debug|Any CPU.ActiveCfg = Debug|Any CPU
		{2CBB3067-3B8B-4015-BA5D-3E6F590D0187}.Debug|Any CPU.Build.0 = Debug|Any CPU
		{2CBB3067-3B8B-4015-BA5D-3E6F590D0187}.Release|Any CPU.ActiveCfg = Release|Any CPU
		{2CBB3067-3B8B-4015-BA5D-3E6F590D0187}.Release|Any CPU.Build.0 = Release|Any CPU
		{92BAFC7E-F650-4B69-B3CF-B5388FD93B35}.Debug|Any CPU.ActiveCfg = Debug|Any CPU
		{92BAFC7E-F650-4B69-B3CF-B5388FD93B35}.Debug|Any CPU.Build.0 = Debug|Any CPU
		{92BAFC7E-F650-4B69-B3CF-B5388FD93B35}.Release|Any CPU.ActiveCfg = Release|Any CPU
		{92BAFC7E-F650-4B69-B3CF-B5388FD93B35}.Release|Any CPU.Build.0 = Release|Any CPU
		{732D009F-DF67-43A9-81F9-19B1C2110962}.Debug|Any CPU.ActiveCfg = Debug|Any CPU
		{732D009F-DF67-43A9-81F9-19B1C2110962}.Debug|Any CPU.Build.0 = Debug|Any CPU
		{732D009F-DF67-43A9-81F9-19B1C2110962}.Release|Any CPU.ActiveCfg = Release|Any CPU
		{732D009F-DF67-43A9-81F9-19B1C2110962}.Release|Any CPU.Build.0 = Release|Any CPU
	EndGlobalSection
	GlobalSection(SolutionProperties) = preSolution
		HideSolutionNode = FALSE
	EndGlobalSection
	GlobalSection(ExtensibilityGlobals) = postSolution
		SolutionGuid = {F7E2450D-AE33-4113-9DFA-DA669F6FE7D1}
	EndGlobalSection
EndGlobal
