
Microsoft Visual Studio Solution File, Format Version 12.00
# Visual Studio Version 16
VisualStudioVersion = 16.0.32126.315
MinimumVisualStudioVersion = 10.0.40219.1
Project("{FAE04EC0-301F-11D3-BF4B-00C04F79EFBC}") = "Convert Meters to Kilometers", "Convert Meters to Kilometers\Convert Meters to Kilometers.csproj", "{E32576B6-C7F5-4E38-8A7D-18C6248A0700}"
EndProject
Project("{FAE04EC0-301F-11D3-BF4B-00C04F79EFBC}") = "Pounds to Dollars", "Pounds to Dollars\Pounds to Dollars.csproj", "{9DEA23BC-8D40-45D9-A333-E854B3C23CBC}"
EndProject
Project("{FAE04EC0-301F-11D3-BF4B-00C04F79EFBC}") = "Exact Sum of Real Numbers", "Exact Sum of Real Numbers\Exact Sum of Real Numbers.csproj", "{80BF9CF3-0CCF-48A6-8E91-AF0D8A7FEE97}"
EndProject
Project("{FAE04EC0-301F-11D3-BF4B-00C04F79EFBC}") = "Centuries to Minutes", "Centuries to Minutes\Centuries to Minutes.csproj", "{D918A303-62C6-4E85-89BB-F65243AF4B09}"
EndProject
Project("{FAE04EC0-301F-11D3-BF4B-00C04F79EFBC}") = "Special Numbers", "Special Numbers\Special Numbers.csproj", "{A857BA9A-C1D9-4637-AB3D-520CDF4A9EAE}"
EndProject
Project("{FAE04EC0-301F-11D3-BF4B-00C04F79EFBC}") = "Reversed Chars", "Reversed Chars\Reversed Chars.csproj", "{A97D7B76-CCF2-4E02-8ABC-99874F7ADBB0}"
EndProject
Project("{FAE04EC0-301F-11D3-BF4B-00C04F79EFBC}") = "Concat Names", "Concat Names\Concat Names.csproj", "{3F280741-08E6-4E66-B2E4-A6D9422A997F}"
EndProject
Project("{FAE04EC0-301F-11D3-BF4B-00C04F79EFBC}") = "Town Info", "Town Info\Town Info.csproj", "{B11BD4A4-E6B9-4860-96B6-8AB21AAD2DEE}"
EndProject
Project("{FAE04EC0-301F-11D3-BF4B-00C04F79EFBC}") = "Chars to String", "Chars to String\Chars to String.csproj", "{E0809C02-026E-4A3B-87BD-078CB267D758}"
EndProject
Project("{FAE04EC0-301F-11D3-BF4B-00C04F79EFBC}") = "Lower or Upper", "Lower or Upper\Lower or Upper.csproj", "{B28AA4EA-91F4-4C67-B0B1-7A0D524F2102}"
EndProject
Project("{FAE04EC0-301F-11D3-BF4B-00C04F79EFBC}") = "Refactor Volume of Pyramid", "Refactor Volume of Pyramid\Refactor Volume of Pyramid.csproj", "{C194C33E-AA96-4139-8E2A-E54ED0AD5992}"
EndProject
Project("{FAE04EC0-301F-11D3-BF4B-00C04F79EFBC}") = "Refactor Special Numbers", "Refactor Special Numbers\Refactor Special Numbers.csproj", "{7F75D1B1-3D0D-4028-AFF2-4ECC719974BC}"
EndProject
Global
	GlobalSection(SolutionConfigurationPlatforms) = preSolution
		Debug|Any CPU = Debug|Any CPU
		Release|Any CPU = Release|Any CPU
	EndGlobalSection
	GlobalSection(ProjectConfigurationPlatforms) = postSolution
		{E32576B6-C7F5-4E38-8A7D-18C6248A0700}.Debug|Any CPU.ActiveCfg = Debug|Any CPU
		{E32576B6-C7F5-4E38-8A7D-18C6248A0700}.Debug|Any CPU.Build.0 = Debug|Any CPU
		{E32576B6-C7F5-4E38-8A7D-18C6248A0700}.Release|Any CPU.ActiveCfg = Release|Any CPU
		{E32576B6-C7F5-4E38-8A7D-18C6248A0700}.Release|Any CPU.Build.0 = Release|Any CPU
		{9DEA23BC-8D40-45D9-A333-E854B3C23CBC}.Debug|Any CPU.ActiveCfg = Debug|Any CPU
		{9DEA23BC-8D40-45D9-A333-E854B3C23CBC}.Debug|Any CPU.Build.0 = Debug|Any CPU
		{9DEA23BC-8D40-45D9-A333-E854B3C23CBC}.Release|Any CPU.ActiveCfg = Release|Any CPU
		{9DEA23BC-8D40-45D9-A333-E854B3C23CBC}.Release|Any CPU.Build.0 = Release|Any CPU
		{80BF9CF3-0CCF-48A6-8E91-AF0D8A7FEE97}.Debug|Any CPU.ActiveCfg = Debug|Any CPU
		{80BF9CF3-0CCF-48A6-8E91-AF0D8A7FEE97}.Debug|Any CPU.Build.0 = Debug|Any CPU
		{80BF9CF3-0CCF-48A6-8E91-AF0D8A7FEE97}.Release|Any CPU.ActiveCfg = Release|Any CPU
		{80BF9CF3-0CCF-48A6-8E91-AF0D8A7FEE97}.Release|Any CPU.Build.0 = Release|Any CPU
		{D918A303-62C6-4E85-89BB-F65243AF4B09}.Debug|Any CPU.ActiveCfg = Debug|Any CPU
		{D918A303-62C6-4E85-89BB-F65243AF4B09}.Debug|Any CPU.Build.0 = Debug|Any CPU
		{D918A303-62C6-4E85-89BB-F65243AF4B09}.Release|Any CPU.ActiveCfg = Release|Any CPU
		{D918A303-62C6-4E85-89BB-F65243AF4B09}.Release|Any CPU.Build.0 = Release|Any CPU
		{A857BA9A-C1D9-4637-AB3D-520CDF4A9EAE}.Debug|Any CPU.ActiveCfg = Debug|Any CPU
		{A857BA9A-C1D9-4637-AB3D-520CDF4A9EAE}.Debug|Any CPU.Build.0 = Debug|Any CPU
		{A857BA9A-C1D9-4637-AB3D-520CDF4A9EAE}.Release|Any CPU.ActiveCfg = Release|Any CPU
		{A857BA9A-C1D9-4637-AB3D-520CDF4A9EAE}.Release|Any CPU.Build.0 = Release|Any CPU
		{A97D7B76-CCF2-4E02-8ABC-99874F7ADBB0}.Debug|Any CPU.ActiveCfg = Debug|Any CPU
		{A97D7B76-CCF2-4E02-8ABC-99874F7ADBB0}.Debug|Any CPU.Build.0 = Debug|Any CPU
		{A97D7B76-CCF2-4E02-8ABC-99874F7ADBB0}.Release|Any CPU.ActiveCfg = Release|Any CPU
		{A97D7B76-CCF2-4E02-8ABC-99874F7ADBB0}.Release|Any CPU.Build.0 = Release|Any CPU
		{3F280741-08E6-4E66-B2E4-A6D9422A997F}.Debug|Any CPU.ActiveCfg = Debug|Any CPU
		{3F280741-08E6-4E66-B2E4-A6D9422A997F}.Debug|Any CPU.Build.0 = Debug|Any CPU
		{3F280741-08E6-4E66-B2E4-A6D9422A997F}.Release|Any CPU.ActiveCfg = Release|Any CPU
		{3F280741-08E6-4E66-B2E4-A6D9422A997F}.Release|Any CPU.Build.0 = Release|Any CPU
		{B11BD4A4-E6B9-4860-96B6-8AB21AAD2DEE}.Debug|Any CPU.ActiveCfg = Debug|Any CPU
		{B11BD4A4-E6B9-4860-96B6-8AB21AAD2DEE}.Debug|Any CPU.Build.0 = Debug|Any CPU
		{B11BD4A4-E6B9-4860-96B6-8AB21AAD2DEE}.Release|Any CPU.ActiveCfg = Release|Any CPU
		{B11BD4A4-E6B9-4860-96B6-8AB21AAD2DEE}.Release|Any CPU.Build.0 = Release|Any CPU
		{E0809C02-026E-4A3B-87BD-078CB267D758}.Debug|Any CPU.ActiveCfg = Debug|Any CPU
		{E0809C02-026E-4A3B-87BD-078CB267D758}.Debug|Any CPU.Build.0 = Debug|Any CPU
		{E0809C02-026E-4A3B-87BD-078CB267D758}.Release|Any CPU.ActiveCfg = Release|Any CPU
		{E0809C02-026E-4A3B-87BD-078CB267D758}.Release|Any CPU.Build.0 = Release|Any CPU
		{B28AA4EA-91F4-4C67-B0B1-7A0D524F2102}.Debug|Any CPU.ActiveCfg = Debug|Any CPU
		{B28AA4EA-91F4-4C67-B0B1-7A0D524F2102}.Debug|Any CPU.Build.0 = Debug|Any CPU
		{B28AA4EA-91F4-4C67-B0B1-7A0D524F2102}.Release|Any CPU.ActiveCfg = Release|Any CPU
		{B28AA4EA-91F4-4C67-B0B1-7A0D524F2102}.Release|Any CPU.Build.0 = Release|Any CPU
		{C194C33E-AA96-4139-8E2A-E54ED0AD5992}.Debug|Any CPU.ActiveCfg = Debug|Any CPU
		{C194C33E-AA96-4139-8E2A-E54ED0AD5992}.Debug|Any CPU.Build.0 = Debug|Any CPU
		{C194C33E-AA96-4139-8E2A-E54ED0AD5992}.Release|Any CPU.ActiveCfg = Release|Any CPU
		{C194C33E-AA96-4139-8E2A-E54ED0AD5992}.Release|Any CPU.Build.0 = Release|Any CPU
		{7F75D1B1-3D0D-4028-AFF2-4ECC719974BC}.Debug|Any CPU.ActiveCfg = Debug|Any CPU
		{7F75D1B1-3D0D-4028-AFF2-4ECC719974BC}.Debug|Any CPU.Build.0 = Debug|Any CPU
		{7F75D1B1-3D0D-4028-AFF2-4ECC719974BC}.Release|Any CPU.ActiveCfg = Release|Any CPU
		{7F75D1B1-3D0D-4028-AFF2-4ECC719974BC}.Release|Any CPU.Build.0 = Release|Any CPU
	EndGlobalSection
	GlobalSection(SolutionProperties) = preSolution
		HideSolutionNode = FALSE
	EndGlobalSection
	GlobalSection(ExtensibilityGlobals) = postSolution
		SolutionGuid = {514F8900-903E-412D-BC19-6A9C434CE258}
	EndGlobalSection
EndGlobal
